
Microsoft Visual Studio Solution File, Format Version 11.00
# Visual C++ Express 2010
Project("{8BC9CEB8-8B4A-11D0-8D11-00A0C91BC942}") = "convert", "convert.vcxproj", "{9975D6A3-61E9-4FC6-9AB8-B808F4D0E6C3}"
EndProject
Global
	GlobalSection(SolutionConfigurationPlatforms) = preSolution
		Debug|Win32 = Debug|Win32
		Release|Win32 = Release|Win32
	EndGlobalSection
	GlobalSection(ProjectConfigurationPlatforms) = postSolution
		{9975D6A3-61E9-4FC6-9AB8-B808F4D0E6C3}.Debug|Win32.ActiveCfg = Debug|Win32
		{9975D6A3-61E9-4FC6-9AB8-B808F4D0E6C3}.Debug|Win32.Build.0 = Debug|Win32
		{9975D6A3-61E9-4FC6-9AB8-B808F4D0E6C3}.Release|Win32.ActiveCfg = Release|Win32
		{9975D6A3-61E9-4FC6-9AB8-B808F4D0E6C3}.Release|Win32.Build.0 = Release|Win32
	EndGlobalSection
	GlobalSection(SolutionProperties) = preSolution
		HideSolutionNode = FALSE
	EndGlobalSection
EndGlobal
